// !$*UTF8*$!
{
	archiveVersion = 1;
	classes = {
	};
	objectVersion = 56;
	objects = {

/* Begin PBXBuildFile section */
		A420F8A92D7E3B5600E2998C /* translateProjectApp.swift in Sources */ = {isa = PBXBuildFile; fileRef = A420F8A82D7E3B5600E2998C /* translateProjectApp.swift */; };
		A420F8AB2D7E3B5600E2998C /* ContentView.swift in Sources */ = {isa = PBXBuildFile; fileRef = A420F8AA2D7E3B5600E2998C /* ContentView.swift */; };
		A420F8AD2D7E3B5800E2998C /* Assets.xcassets in Resources */ = {isa = PBXBuildFile; fileRef = A420F8AC2D7E3B5800E2998C /* Assets.xcassets */; };
		A420F8B02D7E3B5800E2998C /* Preview Assets.xcassets in Resources */ = {isa = PBXBuildFile; fileRef = A420F8AF2D7E3B5800E2998C /* Preview Assets.xcassets */; };
		A420F8B72D7E3C3F00E2998C /* SplashView.swift in Sources */ = {isa = PBXBuildFile; fileRef = A420F8B62D7E3C3E00E2998C /* SplashView.swift */; };
		A420F8B92D7E3C6900E2998C /* TranslationView.swift in Sources */ = {isa = PBXBuildFile; fileRef = A420F8B82D7E3C6900E2998C /* TranslationView.swift */; };
		A420F8BB2D7E449F00E2998C /* theme.swift in Sources */ = {isa = PBXBuildFile; fileRef = A420F8BA2D7E449F00E2998C /* theme.swift */; };
		A420F8BD2D7E482E00E2998C /* AuthView.swift in Sources */ = {isa = PBXBuildFile; fileRef = A420F8BC2D7E482E00E2998C /* AuthView.swift */; };
		A420F8BF2D7E4CE400E2998C /* ModernTextField.swift in Sources */ = {isa = PBXBuildFile; fileRef = A420F8BE2D7E4CE400E2998C /* ModernTextField.swift */; };
		A420F8C12D7E4D0D00E2998C /* AuthTabButton.swift in Sources */ = {isa = PBXBuildFile; fileRef = A420F8C02D7E4D0D00E2998C /* AuthTabButton.swift */; };
		A420F8C32D7E4D2700E2998C /* TabButton.swift in Sources */ = {isa = PBXBuildFile; fileRef = A420F8C22D7E4D2700E2998C /* TabButton.swift */; };
		A420F8C52D7E4D7B00E2998C /* TranslationField.swift in Sources */ = {isa = PBXBuildFile; fileRef = A420F8C42D7E4D7B00E2998C /* TranslationField.swift */; };
		A420F8C72D7E4D9B00E2998C /* LanguageButton.swift in Sources */ = {isa = PBXBuildFile; fileRef = A420F8C62D7E4D9B00E2998C /* LanguageButton.swift */; };
		A452FA692DB5597D009CF22A /* LanguagePickerView.swift in Sources */ = {isa = PBXBuildFile; fileRef = A452FA682DB5597D009CF22A /* LanguagePickerView.swift */; };
		A483A7A22DDB471300032D65 /* Language.swift in Sources */ = {isa = PBXBuildFile; fileRef = A483A7A12DDB471300032D65 /* Language.swift */; };
		A4A00F092DDB435800BAAC3E /* Models in Resources */ = {isa = PBXBuildFile; fileRef = A4A00F082DDB435800BAAC3E /* Models */; };
		A4B429952D8776320033CD64 /* SpeechTranslationView.swift in Sources */ = {isa = PBXBuildFile; fileRef = A4B429942D8776320033CD64 /* SpeechTranslationView.swift */; };
		A4BDBEE02D87019E00E31023 /* LanguagePreferencesView.swift in Sources */ = {isa = PBXBuildFile; fileRef = A4BDBEDF2D87019E00E31023 /* LanguagePreferencesView.swift */; };
		A4D96F6D2DB119B60021618D /* HistoryView.swift in Sources */ = {isa = PBXBuildFile; fileRef = A4D96F6C2DB119B60021618D /* HistoryView.swift */; };
		A4D96F6F2DB119C60021618D /* ProfileView.swift in Sources */ = {isa = PBXBuildFile; fileRef = A4D96F6E2DB119C60021618D /* ProfileView.swift */; };
		A4DF13FE2DB2A1930027E8D2 /* APIManager.swift in Sources */ = {isa = PBXBuildFile; fileRef = A4DF13FD2DB2A1930027E8D2 /* APIManager.swift */; };
		A4F702132DB12C00003038CD /* HelpSupport.swift in Sources */ = {isa = PBXBuildFile; fileRef = A4F702122DB12C00003038CD /* HelpSupport.swift */; };
		A4F702152DB12C3C003038CD /* FavoritesView.swift in Sources */ = {isa = PBXBuildFile; fileRef = A4F702142DB12C3C003038CD /* FavoritesView.swift */; };
		A4F702172DB12E53003038CD /* AboutView.swift in Sources */ = {isa = PBXBuildFile; fileRef = A4F702162DB12E53003038CD /* AboutView.swift */; };
/* End PBXBuildFile section */

/* Begin PBXFileReference section */
		A420F8A52D7E3B5600E2998C /* translateProject.app */ = {isa = PBXFileReference; explicitFileType = wrapper.application; includeInIndex = 0; path = translateProject.app; sourceTree = BUILT_PRODUCTS_DIR; };
		A420F8A82D7E3B5600E2998C /* translateProjectApp.swift */ = {isa = PBXFileReference; lastKnownFileType = sourcecode.swift; path = translateProjectApp.swift; sourceTree = "<group>"; };
		A420F8AA2D7E3B5600E2998C /* ContentView.swift */ = {isa = PBXFileReference; lastKnownFileType = sourcecode.swift; path = ContentView.swift; sourceTree = "<group>"; };
		A420F8AC2D7E3B5800E2998C /* Assets.xcassets */ = {isa = PBXFileReference; lastKnownFileType = folder.assetcatalog; path = Assets.xcassets; sourceTree = "<group>"; };
		A420F8AF2D7E3B5800E2998C /* Preview Assets.xcassets */ = {isa = PBXFileReference; lastKnownFileType = folder.assetcatalog; path = "Preview Assets.xcassets"; sourceTree = "<group>"; };
		A420F8B62D7E3C3E00E2998C /* SplashView.swift */ = {isa = PBXFileReference; lastKnownFileType = sourcecode.swift; path = SplashView.swift; sourceTree = "<group>"; };
		A420F8B82D7E3C6900E2998C /* TranslationView.swift */ = {isa = PBXFileReference; lastKnownFileType = sourcecode.swift; path = TranslationView.swift; sourceTree = "<group>"; };
		A420F8BA2D7E449F00E2998C /* theme.swift */ = {isa = PBXFileReference; lastKnownFileType = sourcecode.swift; path = theme.swift; sourceTree = "<group>"; };
		A420F8BC2D7E482E00E2998C /* AuthView.swift */ = {isa = PBXFileReference; lastKnownFileType = sourcecode.swift; path = AuthView.swift; sourceTree = "<group>"; };
		A420F8BE2D7E4CE400E2998C /* ModernTextField.swift */ = {isa = PBXFileReference; lastKnownFileType = sourcecode.swift; path = ModernTextField.swift; sourceTree = "<group>"; };
		A420F8C02D7E4D0D00E2998C /* AuthTabButton.swift */ = {isa = PBXFileReference; lastKnownFileType = sourcecode.swift; path = AuthTabButton.swift; sourceTree = "<group>"; };
		A420F8C22D7E4D2700E2998C /* TabButton.swift */ = {isa = PBXFileReference; lastKnownFileType = sourcecode.swift; path = TabButton.swift; sourceTree = "<group>"; };
		A420F8C42D7E4D7B00E2998C /* TranslationField.swift */ = {isa = PBXFileReference; lastKnownFileType = sourcecode.swift; path = TranslationField.swift; sourceTree = "<group>"; };
		A420F8C62D7E4D9B00E2998C /* LanguageButton.swift */ = {isa = PBXFileReference; lastKnownFileType = sourcecode.swift; path = LanguageButton.swift; sourceTree = "<group>"; };
		A452FA682DB5597D009CF22A /* LanguagePickerView.swift */ = {isa = PBXFileReference; lastKnownFileType = sourcecode.swift; path = LanguagePickerView.swift; sourceTree = "<group>"; };
		A483A7A12DDB471300032D65 /* Language.swift */ = {isa = PBXFileReference; fileEncoding = 4; lastKnownFileType = sourcecode.swift; name = Language.swift; path = Models/Language.swift; sourceTree = "<group>"; };
		A4A00F082DDB435800BAAC3E /* Models */ = {isa = PBXFileReference; lastKnownFileType = folder; path = Models; sourceTree = "<group>"; };
		A4B429942D8776320033CD64 /* SpeechTranslationView.swift */ = {isa = PBXFileReference; lastKnownFileType = sourcecode.swift; path = SpeechTranslationView.swift; sourceTree = "<group>"; };
		A4BDBEDF2D87019E00E31023 /* LanguagePreferencesView.swift */ = {isa = PBXFileReference; lastKnownFileType = sourcecode.swift; path = LanguagePreferencesView.swift; sourceTree = "<group>"; };
		A4D96F6C2DB119B60021618D /* HistoryView.swift */ = {isa = PBXFileReference; lastKnownFileType = sourcecode.swift; path = HistoryView.swift; sourceTree = "<group>"; };
		A4D96F6E2DB119C60021618D /* ProfileView.swift */ = {isa = PBXFileReference; lastKnownFileType = sourcecode.swift; path = ProfileView.swift; sourceTree = "<group>"; };
		A4DF13FD2DB2A1930027E8D2 /* APIManager.swift */ = {isa = PBXFileReference; lastKnownFileType = sourcecode.swift; path = APIManager.swift; sourceTree = "<group>"; };
		A4F702122DB12C00003038CD /* HelpSupport.swift */ = {isa = PBXFileReference; lastKnownFileType = sourcecode.swift; path = HelpSupport.swift; sourceTree = "<group>"; };
		A4F702142DB12C3C003038CD /* FavoritesView.swift */ = {isa = PBXFileReference; lastKnownFileType = sourcecode.swift; path = FavoritesView.swift; sourceTree = "<group>"; };
		A4F702162DB12E53003038CD /* AboutView.swift */ = {isa = PBXFileReference; lastKnownFileType = sourcecode.swift; path = AboutView.swift; sourceTree = "<group>"; };
/* End PBXFileReference section */

/* Begin PBXFrameworksBuildPhase section */
		A420F8A22D7E3B5600E2998C /* Frameworks */ = {
			isa = PBXFrameworksBuildPhase;
			buildActionMask = 2147483647;
			files = (
			);
			runOnlyForDeploymentPostprocessing = 0;
		};
/* End PBXFrameworksBuildPhase section */

/* Begin PBXGroup section */
		A420F89C2D7E3B5600E2998C = {
			isa = PBXGroup;
			children = (
				A420F8A72D7E3B5600E2998C /* translateProject */,
				A420F8A62D7E3B5600E2998C /* Products */,
			);
			sourceTree = "<group>";
		};
		A420F8A62D7E3B5600E2998C /* Products */ = {
			isa = PBXGroup;
			children = (
				A420F8A52D7E3B5600E2998C /* translateProject.app */,
			);
			name = Products;
			sourceTree = "<group>";
		};
		A420F8A72D7E3B5600E2998C /* translateProject */ = {
			isa = PBXGroup;
			children = (
				A483A7A12DDB471300032D65 /* Language.swift */,
				A4A00F082DDB435800BAAC3E /* Models */,
				A420F8CA2D7E503D00E2998C /* Utils */,
				A420F8C92D7E4FF000E2998C /* Components */,
				A420F8C82D7E4FC100E2998C /* Views */,
				A420F8A82D7E3B5600E2998C /* translateProjectApp.swift */,
				A420F8AA2D7E3B5600E2998C /* ContentView.swift */,
				A420F8AC2D7E3B5800E2998C /* Assets.xcassets */,
				A420F8AE2D7E3B5800E2998C /* Preview Content */,
			);
			path = translateProject;
			sourceTree = "<group>";
		};
		A420F8AE2D7E3B5800E2998C /* Preview Content */ = {
			isa = PBXGroup;
			children = (
				A420F8AF2D7E3B5800E2998C /* Preview Assets.xcassets */,
			);
			path = "Preview Content";
			sourceTree = "<group>";
		};
		A420F8C82D7E4FC100E2998C /* Views */ = {
			isa = PBXGroup;
			children = (
				A420F8BC2D7E482E00E2998C /* AuthView.swift */,
				A420F8B82D7E3C6900E2998C /* TranslationView.swift */,
				A420F8B62D7E3C3E00E2998C /* SplashView.swift */,
				A4BDBEDF2D87019E00E31023 /* LanguagePreferencesView.swift */,
				A4B429942D8776320033CD64 /* SpeechTranslationView.swift */,
				A4D96F6C2DB119B60021618D /* HistoryView.swift */,
				A4D96F6E2DB119C60021618D /* ProfileView.swift */,
				A4F702122DB12C00003038CD /* HelpSupport.swift */,
				A4F702142DB12C3C003038CD /* FavoritesView.swift */,
				A4F702162DB12E53003038CD /* AboutView.swift */,
				A452FA682DB5597D009CF22A /* LanguagePickerView.swift */,
			);
			path = Views;
			sourceTree = "<group>";
		};
		A420F8C92D7E4FF000E2998C /* Components */ = {
			isa = PBXGroup;
			children = (
				A420F8BE2D7E4CE400E2998C /* ModernTextField.swift */,
				A420F8C02D7E4D0D00E2998C /* AuthTabButton.swift */,
				A420F8C22D7E4D2700E2998C /* TabButton.swift */,
				A420F8C42D7E4D7B00E2998C /* TranslationField.swift */,
				A420F8C62D7E4D9B00E2998C /* LanguageButton.swift */,
			);
			path = Components;
			sourceTree = "<group>";
		};
		A420F8CA2D7E503D00E2998C /* Utils */ = {
			isa = PBXGroup;
			children = (
				A420F8BA2D7E449F00E2998C /* theme.swift */,
				A4DF13FD2DB2A1930027E8D2 /* APIManager.swift */,
			);
			path = Utils;
			sourceTree = "<group>";
		};
/* End PBXGroup section */

/* Begin PBXNativeTarget section */
		A420F8A42D7E3B5600E2998C /* translateProject */ = {
			isa = PBXNativeTarget;
			buildConfigurationList = A420F8B32D7E3B5800E2998C /* Build configuration list for PBXNativeTarget "translateProject" */;
			buildPhases = (
				A420F8A12D7E3B5600E2998C /* Sources */,
				A420F8A22D7E3B5600E2998C /* Frameworks */,
				A420F8A32D7E3B5600E2998C /* Resources */,
			);
			buildRules = (
			);
			dependencies = (
			);
			name = translateProject;
			productName = translateProject;
			productReference = A420F8A52D7E3B5600E2998C /* translateProject.app */;
			productType = "com.apple.product-type.application";
		};
/* End PBXNativeTarget section */

/* Begin PBXProject section */
		A420F89D2D7E3B5600E2998C /* Project object */ = {
			isa = PBXProject;
			attributes = {
				BuildIndependentTargetsInParallel = 1;
				LastSwiftUpdateCheck = 1430;
				LastUpgradeCheck = 1430;
				TargetAttributes = {
					A420F8A42D7E3B5600E2998C = {
						CreatedOnToolsVersion = 14.3.1;
					};
				};
			};
			buildConfigurationList = A420F8A02D7E3B5600E2998C /* Build configuration list for PBXProject "translateProject" */;
			compatibilityVersion = "Xcode 14.0";
			developmentRegion = en;
			hasScannedForEncodings = 0;
			knownRegions = (
				en,
				Base,
			);
			mainGroup = A420F89C2D7E3B5600E2998C;
			productRefGroup = A420F8A62D7E3B5600E2998C /* Products */;
			projectDirPath = "";
			projectRoot = "";
			targets = (
				A420F8A42D7E3B5600E2998C /* translateProject */,
			);
		};
/* End PBXProject section */

/* Begin PBXResourcesBuildPhase section */
		A420F8A32D7E3B5600E2998C /* Resources */ = {
			isa = PBXResourcesBuildPhase;
			buildActionMask = 2147483647;
			files = (
				A4A00F092DDB435800BAAC3E /* Models in Resources */,
				A420F8B02D7E3B5800E2998C /* Preview Assets.xcassets in Resources */,
				A420F8AD2D7E3B5800E2998C /* Assets.xcassets in Resources */,
			);
			runOnlyForDeploymentPostprocessing = 0;
		};
/* End PBXResourcesBuildPhase section */

/* Begin PBXSourcesBuildPhase section */
		A420F8A12D7E3B5600E2998C /* Sources */ = {
			isa = PBXSourcesBuildPhase;
			buildActionMask = 2147483647;
			files = (
				A420F8C32D7E4D2700E2998C /* TabButton.swift in Sources */,
				A4DF13FE2DB2A1930027E8D2 /* APIManager.swift in Sources */,
				A420F8AB2D7E3B5600E2998C /* ContentView.swift in Sources */,
				A483A7A22DDB471300032D65 /* Language.swift in Sources */,
				A4F702132DB12C00003038CD /* HelpSupport.swift in Sources */,
				A4B429952D8776320033CD64 /* SpeechTranslationView.swift in Sources */,
				A4F702172DB12E53003038CD /* AboutView.swift in Sources */,
				A420F8A92D7E3B5600E2998C /* translateProjectApp.swift in Sources */,
				A420F8BD2D7E482E00E2998C /* AuthView.swift in Sources */,
				A420F8C12D7E4D0D00E2998C /* AuthTabButton.swift in Sources */,
				A420F8BF2D7E4CE400E2998C /* ModernTextField.swift in Sources */,
				A4D96F6D2DB119B60021618D /* HistoryView.swift in Sources */,
				A420F8C72D7E4D9B00E2998C /* LanguageButton.swift in Sources */,
				A420F8C52D7E4D7B00E2998C /* TranslationField.swift in Sources */,
				A420F8BB2D7E449F00E2998C /* theme.swift in Sources */,
				A420F8B92D7E3C6900E2998C /* TranslationView.swift in Sources */,
				A452FA692DB5597D009CF22A /* LanguagePickerView.swift in Sources */,
				A4F702152DB12C3C003038CD /* FavoritesView.swift in Sources */,
				A4BDBEE02D87019E00E31023 /* LanguagePreferencesView.swift in Sources */,
				A420F8B72D7E3C3F00E2998C /* SplashView.swift in Sources */,
				A4D96F6F2DB119C60021618D /* ProfileView.swift in Sources */,
			);
			runOnlyForDeploymentPostprocessing = 0;
		};
/* End PBXSourcesBuildPhase section */

/* Begin XCBuildConfiguration section */
		A420F8B12D7E3B5800E2998C /* Debug */ = {
			isa = XCBuildConfiguration;
			buildSettings = {
				ALWAYS_SEARCH_USER_PATHS = NO;
				CLANG_ANALYZER_NONNULL = YES;
				CLANG_ANALYZER_NUMBER_OBJECT_CONVERSION = YES_AGGRESSIVE;
				CLANG_CXX_LANGUAGE_STANDARD = "gnu++20";
				CLANG_ENABLE_MODULES = YES;
				CLANG_ENABLE_OBJC_ARC = YES;
				CLANG_ENABLE_OBJC_WEAK = YES;
				CLANG_WARN_BLOCK_CAPTURE_AUTORELEASING = YES;
				CLANG_WARN_BOOL_CONVERSION = YES;
				CLANG_WARN_COMMA = YES;
				CLANG_WARN_CONSTANT_CONVERSION = YES;
				CLANG_WARN_DEPRECATED_OBJC_IMPLEMENTATIONS = YES;
				CLANG_WARN_DIRECT_OBJC_ISA_USAGE = YES_ERROR;
				CLANG_WARN_DOCUMENTATION_COMMENTS = YES;
				CLANG_WARN_EMPTY_BODY = YES;
				CLANG_WARN_ENUM_CONVERSION = YES;
				CLANG_WARN_INFINITE_RECURSION = YES;
				CLANG_WARN_INT_CONVERSION = YES;
				CLANG_WARN_NON_LITERAL_NULL_CONVERSION = YES;
				CLANG_WARN_OBJC_IMPLICIT_RETAIN_SELF = YES;
				CLANG_WARN_OBJC_LITERAL_CONVERSION = YES;
				CLANG_WARN_OBJC_ROOT_CLASS = YES_ERROR;
				CLANG_WARN_QUOTED_INCLUDE_IN_FRAMEWORK_HEADER = YES;
				CLANG_WARN_RANGE_LOOP_ANALYSIS = YES;
				CLANG_WARN_STRICT_PROTOTYPES = YES;
				CLANG_WARN_SUSPICIOUS_MOVE = YES;
				CLANG_WARN_UNGUARDED_AVAILABILITY = YES_AGGRESSIVE;
				CLANG_WARN_UNREACHABLE_CODE = YES;
				CLANG_WARN__DUPLICATE_METHOD_MATCH = YES;
				COPY_PHASE_STRIP = NO;
				DEBUG_INFORMATION_FORMAT = dwarf;
				ENABLE_STRICT_OBJC_MSGSEND = YES;
				ENABLE_TESTABILITY = YES;
				GCC_C_LANGUAGE_STANDARD = gnu11;
				GCC_DYNAMIC_NO_PIC = NO;
				GCC_NO_COMMON_BLOCKS = YES;
				GCC_OPTIMIZATION_LEVEL = 0;
				GCC_PREPROCESSOR_DEFINITIONS = (
					"DEBUG=1",
					"$(inherited)",
				);
				GCC_WARN_64_TO_32_BIT_CONVERSION = YES;
				GCC_WARN_ABOUT_RETURN_TYPE = YES_ERROR;
				GCC_WARN_UNDECLARED_SELECTOR = YES;
				GCC_WARN_UNINITIALIZED_AUTOS = YES_AGGRESSIVE;
				GCC_WARN_UNUSED_FUNCTION = YES;
				GCC_WARN_UNUSED_VARIABLE = YES;
				IPHONEOS_DEPLOYMENT_TARGET = 16.4;
				MTL_ENABLE_DEBUG_INFO = INCLUDE_SOURCE;
				MTL_FAST_MATH = YES;
				ONLY_ACTIVE_ARCH = YES;
				SDKROOT = iphoneos;
				SWIFT_ACTIVE_COMPILATION_CONDITIONS = DEBUG;
				SWIFT_OPTIMIZATION_LEVEL = "-Onone";
			};
			name = Debug;
		};
		A420F8B22D7E3B5800E2998C /* Release */ = {
			isa = XCBuildConfiguration;
			buildSettings = {
				ALWAYS_SEARCH_USER_PATHS = NO;
				CLANG_ANALYZER_NONNULL = YES;
				CLANG_ANALYZER_NUMBER_OBJECT_CONVERSION = YES_AGGRESSIVE;
				CLANG_CXX_LANGUAGE_STANDARD = "gnu++20";
				CLANG_ENABLE_MODULES = YES;
				CLANG_ENABLE_OBJC_ARC = YES;
				CLANG_ENABLE_OBJC_WEAK = YES;
				CLANG_WARN_BLOCK_CAPTURE_AUTORELEASING = YES;
				CLANG_WARN_BOOL_CONVERSION = YES;
				CLANG_WARN_COMMA = YES;
				CLANG_WARN_CONSTANT_CONVERSION = YES;
				CLANG_WARN_DEPRECATED_OBJC_IMPLEMENTATIONS = YES;
				CLANG_WARN_DIRECT_OBJC_ISA_USAGE = YES_ERROR;
				CLANG_WARN_DOCUMENTATION_COMMENTS = YES;
				CLANG_WARN_EMPTY_BODY = YES;
				CLANG_WARN_ENUM_CONVERSION = YES;
				CLANG_WARN_INFINITE_RECURSION = YES;
				CLANG_WARN_INT_CONVERSION = YES;
				CLANG_WARN_NON_LITERAL_NULL_CONVERSION = YES;
				CLANG_WARN_OBJC_IMPLICIT_RETAIN_SELF = YES;
				CLANG_WARN_OBJC_LITERAL_CONVERSION = YES;
				CLANG_WARN_OBJC_ROOT_CLASS = YES_ERROR;
				CLANG_WARN_QUOTED_INCLUDE_IN_FRAMEWORK_HEADER = YES;
				CLANG_WARN_RANGE_LOOP_ANALYSIS = YES;
				CLANG_WARN_STRICT_PROTOTYPES = YES;
				CLANG_WARN_SUSPICIOUS_MOVE = YES;
				CLANG_WARN_UNGUARDED_AVAILABILITY = YES_AGGRESSIVE;
				CLANG_WARN_UNREACHABLE_CODE = YES;
				CLANG_WARN__DUPLICATE_METHOD_MATCH = YES;
				COPY_PHASE_STRIP = NO;
				DEBUG_INFORMATION_FORMAT = "dwarf-with-dsym";
				ENABLE_NS_ASSERTIONS = NO;
				ENABLE_STRICT_OBJC_MSGSEND = YES;
				GCC_C_LANGUAGE_STANDARD = gnu11;
				GCC_NO_COMMON_BLOCKS = YES;
				GCC_WARN_64_TO_32_BIT_CONVERSION = YES;
				GCC_WARN_ABOUT_RETURN_TYPE = YES_ERROR;
				GCC_WARN_UNDECLARED_SELECTOR = YES;
				GCC_WARN_UNINITIALIZED_AUTOS = YES_AGGRESSIVE;
				GCC_WARN_UNUSED_FUNCTION = YES;
				GCC_WARN_UNUSED_VARIABLE = YES;
				IPHONEOS_DEPLOYMENT_TARGET = 16.4;
				MTL_ENABLE_DEBUG_INFO = NO;
				MTL_FAST_MATH = YES;
				SDKROOT = iphoneos;
				SWIFT_COMPILATION_MODE = wholemodule;
				SWIFT_OPTIMIZATION_LEVEL = "-O";
				VALIDATE_PRODUCT = YES;
			};
			name = Release;
		};
		A420F8B42D7E3B5800E2998C /* Debug */ = {
			isa = XCBuildConfiguration;
			buildSettings = {
				ASSETCATALOG_COMPILER_APPICON_NAME = AppIcon;
				ASSETCATALOG_COMPILER_GLOBAL_ACCENT_COLOR_NAME = AccentColor;
				CODE_SIGN_STYLE = Automatic;
				CURRENT_PROJECT_VERSION = 1;
				DEVELOPMENT_ASSET_PATHS = "\"translateProject/Preview Content\"";
				DEVELOPMENT_TEAM = 3V8ZKDDZN5;
				ENABLE_PREVIEWS = YES;
				GENERATE_INFOPLIST_FILE = YES;
				INFOPLIST_KEY_UIApplicationSceneManifest_Generation = YES;
				INFOPLIST_KEY_UIApplicationSupportsIndirectInputEvents = YES;
				INFOPLIST_KEY_UILaunchScreen_Generation = YES;
				INFOPLIST_KEY_UISupportedInterfaceOrientations_iPad = "UIInterfaceOrientationPortrait UIInterfaceOrientationPortraitUpsideDown UIInterfaceOrientationLandscapeLeft UIInterfaceOrientationLandscapeRight";
				INFOPLIST_KEY_UISupportedInterfaceOrientations_iPhone = "UIInterfaceOrientationPortrait UIInterfaceOrientationLandscapeLeft UIInterfaceOrientationLandscapeRight";
				LD_RUNPATH_SEARCH_PATHS = (
					"$(inherited)",
					"@executable_path/Frameworks",
				);
				MARKETING_VERSION = 1.0;
				PRODUCT_BUNDLE_IDENTIFIER = com.ebrargulyazici.translateProject;
				PRODUCT_NAME = "$(TARGET_NAME)";
				SWIFT_EMIT_LOC_STRINGS = YES;
				SWIFT_VERSION = 5.0;
				TARGETED_DEVICE_FAMILY = "1,2";
			};
			name = Debug;
		};
		A420F8B52D7E3B5800E2998C /* Release */ = {
			isa = XCBuildConfiguration;
			buildSettings = {
				ASSETCATALOG_COMPILER_APPICON_NAME = AppIcon;
				ASSETCATALOG_COMPILER_GLOBAL_ACCENT_COLOR_NAME = AccentColor;
				CODE_SIGN_STYLE = Automatic;
				CURRENT_PROJECT_VERSION = 1;
				DEVELOPMENT_ASSET_PATHS = "\"translateProject/Preview Content\"";
				DEVELOPMENT_TEAM = 3V8ZKDDZN5;
				ENABLE_PREVIEWS = YES;
				GENERATE_INFOPLIST_FILE = YES;
				INFOPLIST_KEY_UIApplicationSceneManifest_Generation = YES;
				INFOPLIST_KEY_UIApplicationSupportsIndirectInputEvents = YES;
				INFOPLIST_KEY_UILaunchScreen_Generation = YES;
				INFOPLIST_KEY_UISupportedInterfaceOrientations_iPad = "UIInterfaceOrientationPortrait UIInterfaceOrientationPortraitUpsideDown UIInterfaceOrientationLandscapeLeft UIInterfaceOrientationLandscapeRight";
				INFOPLIST_KEY_UISupportedInterfaceOrientations_iPhone = "UIInterfaceOrientationPortrait UIInterfaceOrientationLandscapeLeft UIInterfaceOrientationLandscapeRight";
				LD_RUNPATH_SEARCH_PATHS = (
					"$(inherited)",
					"@executable_path/Frameworks",
				);
				MARKETING_VERSION = 1.0;
				PRODUCT_BUNDLE_IDENTIFIER = com.ebrargulyazici.translateProject;
				PRODUCT_NAME = "$(TARGET_NAME)";
				SWIFT_EMIT_LOC_STRINGS = YES;
				SWIFT_VERSION = 5.0;
				TARGETED_DEVICE_FAMILY = "1,2";
			};
			name = Release;
		};
/* End XCBuildConfiguration section */

/* Begin XCConfigurationList section */
		A420F8A02D7E3B5600E2998C /* Build configuration list for PBXProject "translateProject" */ = {
			isa = XCConfigurationList;
			buildConfigurations = (
				A420F8B12D7E3B5800E2998C /* Debug */,
				A420F8B22D7E3B5800E2998C /* Release */,
			);
			defaultConfigurationIsVisible = 0;
			defaultConfigurationName = Release;
		};
		A420F8B32D7E3B5800E2998C /* Build configuration list for PBXNativeTarget "translateProject" */ = {
			isa = XCConfigurationList;
			buildConfigurations = (
				A420F8B42D7E3B5800E2998C /* Debug */,
				A420F8B52D7E3B5800E2998C /* Release */,
			);
			defaultConfigurationIsVisible = 0;
			defaultConfigurationName = Release;
		};
/* End XCConfigurationList section */
	};
	rootObject = A420F89D2D7E3B5600E2998C /* Project object */;
}
